
Microsoft Visual Studio Solution File, Format Version 12.00
# Visual Studio Version 16
VisualStudioVersion = 16.0.30717.126
MinimumVisualStudioVersion = 10.0.40219.1
Project("{FAE04EC0-301F-11D3-BF4B-00C04F79EFBC}") = "ExcelReader", "ExcelReader\ExcelReader.csproj", "{8E0E8EB8-9AB5-4AD2-8C2F-DF93AF6F9D7E}"
EndProject
Project("{FAE04EC0-301F-11D3-BF4B-00C04F79EFBC}") = "ExcelReader.Tests", "ExcelReader.Tests\ExcelReader.Tests.csproj", "{F2F77964-B722-46DA-B7BF-34ED48860B53}"
EndProject
Project("{FAE04EC0-301F-11D3-BF4B-00C04F79EFBC}") = "ExcelReader.Demo", "ExcelReader.Demo\ExcelReader.Demo.csproj", "{9E456B84-B160-44F5-AF32-809C65D8BB32}"
EndProject
Global
	GlobalSection(SolutionConfigurationPlatforms) = preSolution
		Debug|Any CPU = Debug|Any CPU
		Release|Any CPU = Release|Any CPU
	EndGlobalSection
	GlobalSection(ProjectConfigurationPlatforms) = postSolution
		{8E0E8EB8-9AB5-4AD2-8C2F-DF93AF6F9D7E}.Debug|Any CPU.ActiveCfg = Debug|Any CPU
		{8E0E8EB8-9AB5-4AD2-8C2F-DF93AF6F9D7E}.Debug|Any CPU.Build.0 = Debug|Any CPU
		{8E0E8EB8-9AB5-4AD2-8C2F-DF93AF6F9D7E}.Release|Any CPU.ActiveCfg = Release|Any CPU
		{8E0E8EB8-9AB5-4AD2-8C2F-DF93AF6F9D7E}.Release|Any CPU.Build.0 = Release|Any CPU
		{F2F77964-B722-46DA-B7BF-34ED48860B53}.Debug|Any CPU.ActiveCfg = Debug|Any CPU
		{F2F77964-B722-46DA-B7BF-34ED48860B53}.Debug|Any CPU.Build.0 = Debug|Any CPU
		{F2F77964-B722-46DA-B7BF-34ED48860B53}.Release|Any CPU.ActiveCfg = Release|Any CPU
		{F2F77964-B722-46DA-B7BF-34ED48860B53}.Release|Any CPU.Build.0 = Release|Any CPU
		{9E456B84-B160-44F5-AF32-809C65D8BB32}.Debug|Any CPU.ActiveCfg = Debug|Any CPU
		{9E456B84-B160-44F5-AF32-809C65D8BB32}.Debug|Any CPU.Build.0 = Debug|Any CPU
		{9E456B84-B160-44F5-AF32-809C65D8BB32}.Release|Any CPU.ActiveCfg = Release|Any CPU
		{9E456B84-B160-44F5-AF32-809C65D8BB32}.Release|Any CPU.Build.0 = Release|Any CPU
	EndGlobalSection
	GlobalSection(SolutionProperties) = preSolution
		HideSolutionNode = FALSE
	EndGlobalSection
	GlobalSection(ExtensibilityGlobals) = postSolution
		SolutionGuid = {8228FB2D-24BC-4200-AB3D-5417DB809242}
	EndGlobalSection
EndGlobal
